// !$*UTF8*$!
{
	archiveVersion = 1;
	classes = {
	};
	objectVersion = 56;
	objects = {

/* Begin PBXBuildFile section */
		991150482A964AAD00285E6E /* MainView.swift in Sources */ = {isa = PBXBuildFile; fileRef = 991150472A964AAD00285E6E /* MainView.swift */; };
		9911504B2A9651D300285E6E /* CellView.swift in Sources */ = {isa = PBXBuildFile; fileRef = 9911504A2A9651D300285E6E /* CellView.swift */; };
		991150512A965D0B00285E6E /* GridView.swift in Sources */ = {isa = PBXBuildFile; fileRef = 991150502A965D0B00285E6E /* GridView.swift */; };
		992D3AE22AA734A500FEE771 /* UserSignUpView.swift in Sources */ = {isa = PBXBuildFile; fileRef = 992D3AE12AA734A500FEE771 /* UserSignUpView.swift */; };
		992D3AE42AA742F400FEE771 /* AppView.swift in Sources */ = {isa = PBXBuildFile; fileRef = 992D3AE32AA742F400FEE771 /* AppView.swift */; };
		992D3AE72AA762AC00FEE771 /* theme.mp3 in Resources */ = {isa = PBXBuildFile; fileRef = 992D3AE62AA762AC00FEE771 /* theme.mp3 */; };
		9933326A2A9E779500DDBEE9 /* PauseModalView.swift in Sources */ = {isa = PBXBuildFile; fileRef = 993332692A9E779500DDBEE9 /* PauseModalView.swift */; };
		9935D1EE2AA056A50092585C /* SudokuSolution.swift in Sources */ = {isa = PBXBuildFile; fileRef = 9935D1ED2AA056A50092585C /* SudokuSolution.swift */; };
		9935D1F02AA064DE0092585C /* Helper.swift in Sources */ = {isa = PBXBuildFile; fileRef = 9935D1EF2AA064DE0092585C /* Helper.swift */; };
		9935D1F22AA09F4B0092585C /* GameDataStorage.swift in Sources */ = {isa = PBXBuildFile; fileRef = 9935D1F12AA09F4B0092585C /* GameDataStorage.swift */; };
		9935D1F52AA0A79E0092585C /* FrontView.swift in Sources */ = {isa = PBXBuildFile; fileRef = 9935D1F42AA0A79E0092585C /* FrontView.swift */; };
		993CF9C92AA7B93000B88CFD /* BatchView.swift in Sources */ = {isa = PBXBuildFile; fileRef = 993CF9C82AA7B93000B88CFD /* BatchView.swift */; };
		997B73042AA5C4FF00066AA5 /* GameOverView.swift in Sources */ = {isa = PBXBuildFile; fileRef = 997B73032AA5C4FF00066AA5 /* GameOverView.swift */; };
		997B73062AA5CFF800066AA5 /* ProtocolHelper.swift in Sources */ = {isa = PBXBuildFile; fileRef = 997B73052AA5CFF800066AA5 /* ProtocolHelper.swift */; };
		9981A1522AA776A3000C1DCF /* loosing.mp3 in Resources */ = {isa = PBXBuildFile; fileRef = 9981A1512AA776A2000C1DCF /* loosing.mp3 */; };
		9981A1542AA777C3000C1DCF /* winning.mp3 in Resources */ = {isa = PBXBuildFile; fileRef = 9981A1532AA777C3000C1DCF /* winning.mp3 */; };
		99ACE6412A9725FD00F56D15 /* NumberView.swift in Sources */ = {isa = PBXBuildFile; fileRef = 99ACE6402A9725FD00F56D15 /* NumberView.swift */; };
		99ACE6432A9729F400F56D15 /* ModiferView.swift in Sources */ = {isa = PBXBuildFile; fileRef = 99ACE6422A9729F300F56D15 /* ModiferView.swift */; };
		99ACE6452A972DD400F56D15 /* HeaderView.swift in Sources */ = {isa = PBXBuildFile; fileRef = 99ACE6442A972DD400F56D15 /* HeaderView.swift */; };
		99ACE64B2A97B67600F56D15 /* StorageObject.swift in Sources */ = {isa = PBXBuildFile; fileRef = 99ACE64A2A97B67600F56D15 /* StorageObject.swift */; };
		99ACE64D2A97CDB500F56D15 /* ErrorView.swift in Sources */ = {isa = PBXBuildFile; fileRef = 99ACE64C2A97CDB500F56D15 /* ErrorView.swift */; };
		99AEFB7F2AA646E7009F8690 /* VictoryView.swift in Sources */ = {isa = PBXBuildFile; fileRef = 99AEFB7E2AA646E7009F8690 /* VictoryView.swift */; };
		99AEFB822AA6613A009F8690 /* ThemeSettingView.swift in Sources */ = {isa = PBXBuildFile; fileRef = 99AEFB812AA6613A009F8690 /* ThemeSettingView.swift */; };
		99AEFB892AA674CE009F8690 /* SettingAppView.swift in Sources */ = {isa = PBXBuildFile; fileRef = 99AEFB882AA674CE009F8690 /* SettingAppView.swift */; };
		99AEFB8B2AA675CC009F8690 /* SoundDataStorage.swift in Sources */ = {isa = PBXBuildFile; fileRef = 99AEFB8A2AA675CC009F8690 /* SoundDataStorage.swift */; };
		99AEFB8D2AA6F55D009F8690 /* UserDetailStorage.swift in Sources */ = {isa = PBXBuildFile; fileRef = 99AEFB8C2AA6F55D009F8690 /* UserDetailStorage.swift */; };
		99AEFB8F2AA6FE92009F8690 /* UserHistory.swift in Sources */ = {isa = PBXBuildFile; fileRef = 99AEFB8E2AA6FE92009F8690 /* UserHistory.swift */; };
		99AEFB922AA700DB009F8690 /* TopUserView.swift in Sources */ = {isa = PBXBuildFile; fileRef = 99AEFB912AA700DB009F8690 /* TopUserView.swift */; };
		99AEFB942AA700FC009F8690 /* StatsDetailView.swift in Sources */ = {isa = PBXBuildFile; fileRef = 99AEFB932AA700FC009F8690 /* StatsDetailView.swift */; };
		99AEFB962AA7168A009F8690 /* StatTabBarView.swift in Sources */ = {isa = PBXBuildFile; fileRef = 99AEFB952AA7168A009F8690 /* StatTabBarView.swift */; };
		99AEFB982AA71A1D009F8690 /* UserItemView.swift in Sources */ = {isa = PBXBuildFile; fileRef = 99AEFB972AA71A1D009F8690 /* UserItemView.swift */; };
		99C62C652AA4C3BF002D5B53 /* GameSelectionView.swift in Sources */ = {isa = PBXBuildFile; fileRef = 99C62C642AA4C3BF002D5B53 /* GameSelectionView.swift */; };
		99EB5BCB2A95022800B6A4E6 /* SudokuApp.swift in Sources */ = {isa = PBXBuildFile; fileRef = 99EB5BCA2A95022800B6A4E6 /* SudokuApp.swift */; };
		99EB5BCD2A95022800B6A4E6 /* ContentView.swift in Sources */ = {isa = PBXBuildFile; fileRef = 99EB5BCC2A95022800B6A4E6 /* ContentView.swift */; };
		99EB5BCF2A95022E00B6A4E6 /* Assets.xcassets in Resources */ = {isa = PBXBuildFile; fileRef = 99EB5BCE2A95022E00B6A4E6 /* Assets.xcassets */; };
		99EB5BD22A95022E00B6A4E6 /* Preview Assets.xcassets in Resources */ = {isa = PBXBuildFile; fileRef = 99EB5BD12A95022E00B6A4E6 /* Preview Assets.xcassets */; };
		99EB5BDC2A95022E00B6A4E6 /* SudokuTests.swift in Sources */ = {isa = PBXBuildFile; fileRef = 99EB5BDB2A95022E00B6A4E6 /* SudokuTests.swift */; };
		99EB5BE62A95022E00B6A4E6 /* SudokuUITests.swift in Sources */ = {isa = PBXBuildFile; fileRef = 99EB5BE52A95022E00B6A4E6 /* SudokuUITests.swift */; };
		99EB5BE82A95022E00B6A4E6 /* SudokuUITestsLaunchTests.swift in Sources */ = {isa = PBXBuildFile; fileRef = 99EB5BE72A95022E00B6A4E6 /* SudokuUITestsLaunchTests.swift */; };
/* End PBXBuildFile section */

/* Begin PBXContainerItemProxy section */
		99EB5BD82A95022E00B6A4E6 /* PBXContainerItemProxy */ = {
			isa = PBXContainerItemProxy;
			containerPortal = 99EB5BBF2A95022800B6A4E6 /* Project object */;
			proxyType = 1;
			remoteGlobalIDString = 99EB5BC62A95022800B6A4E6;
			remoteInfo = Sudoku;
		};
		99EB5BE22A95022E00B6A4E6 /* PBXContainerItemProxy */ = {
			isa = PBXContainerItemProxy;
			containerPortal = 99EB5BBF2A95022800B6A4E6 /* Project object */;
			proxyType = 1;
			remoteGlobalIDString = 99EB5BC62A95022800B6A4E6;
			remoteInfo = Sudoku;
		};
/* End PBXContainerItemProxy section */

/* Begin PBXFileReference section */
		991150472A964AAD00285E6E /* MainView.swift */ = {isa = PBXFileReference; lastKnownFileType = sourcecode.swift; path = MainView.swift; sourceTree = "<group>"; };
		9911504A2A9651D300285E6E /* CellView.swift */ = {isa = PBXFileReference; lastKnownFileType = sourcecode.swift; path = CellView.swift; sourceTree = "<group>"; };
		991150502A965D0B00285E6E /* GridView.swift */ = {isa = PBXFileReference; lastKnownFileType = sourcecode.swift; path = GridView.swift; sourceTree = "<group>"; };
		992D3AE12AA734A500FEE771 /* UserSignUpView.swift */ = {isa = PBXFileReference; lastKnownFileType = sourcecode.swift; path = UserSignUpView.swift; sourceTree = "<group>"; };
		992D3AE32AA742F400FEE771 /* AppView.swift */ = {isa = PBXFileReference; lastKnownFileType = sourcecode.swift; path = AppView.swift; sourceTree = "<group>"; };
		992D3AE62AA762AC00FEE771 /* theme.mp3 */ = {isa = PBXFileReference; lastKnownFileType = audio.mp3; path = theme.mp3; sourceTree = "<group>"; };
		993332692A9E779500DDBEE9 /* PauseModalView.swift */ = {isa = PBXFileReference; lastKnownFileType = sourcecode.swift; path = PauseModalView.swift; sourceTree = "<group>"; };
		9935D1ED2AA056A50092585C /* SudokuSolution.swift */ = {isa = PBXFileReference; lastKnownFileType = sourcecode.swift; path = SudokuSolution.swift; sourceTree = "<group>"; };
		9935D1EF2AA064DE0092585C /* Helper.swift */ = {isa = PBXFileReference; lastKnownFileType = sourcecode.swift; path = Helper.swift; sourceTree = "<group>"; };
		9935D1F12AA09F4B0092585C /* GameDataStorage.swift */ = {isa = PBXFileReference; lastKnownFileType = sourcecode.swift; path = GameDataStorage.swift; sourceTree = "<group>"; };
		9935D1F42AA0A79E0092585C /* FrontView.swift */ = {isa = PBXFileReference; lastKnownFileType = sourcecode.swift; path = FrontView.swift; sourceTree = "<group>"; };
		993CF9C82AA7B93000B88CFD /* BatchView.swift */ = {isa = PBXFileReference; lastKnownFileType = sourcecode.swift; path = BatchView.swift; sourceTree = "<group>"; };
		997B73032AA5C4FF00066AA5 /* GameOverView.swift */ = {isa = PBXFileReference; lastKnownFileType = sourcecode.swift; path = GameOverView.swift; sourceTree = "<group>"; };
		997B73052AA5CFF800066AA5 /* ProtocolHelper.swift */ = {isa = PBXFileReference; lastKnownFileType = sourcecode.swift; path = ProtocolHelper.swift; sourceTree = "<group>"; };
		9981A1512AA776A2000C1DCF /* loosing.mp3 */ = {isa = PBXFileReference; lastKnownFileType = audio.mp3; path = loosing.mp3; sourceTree = "<group>"; };
		9981A1532AA777C3000C1DCF /* winning.mp3 */ = {isa = PBXFileReference; lastKnownFileType = audio.mp3; path = winning.mp3; sourceTree = "<group>"; };
		99ACE6402A9725FD00F56D15 /* NumberView.swift */ = {isa = PBXFileReference; lastKnownFileType = sourcecode.swift; path = NumberView.swift; sourceTree = "<group>"; };
		99ACE6422A9729F300F56D15 /* ModiferView.swift */ = {isa = PBXFileReference; lastKnownFileType = sourcecode.swift; path = ModiferView.swift; sourceTree = "<group>"; };
		99ACE6442A972DD400F56D15 /* HeaderView.swift */ = {isa = PBXFileReference; lastKnownFileType = sourcecode.swift; path = HeaderView.swift; sourceTree = "<group>"; };
		99ACE64A2A97B67600F56D15 /* StorageObject.swift */ = {isa = PBXFileReference; lastKnownFileType = sourcecode.swift; path = StorageObject.swift; sourceTree = "<group>"; };
		99ACE64C2A97CDB500F56D15 /* ErrorView.swift */ = {isa = PBXFileReference; lastKnownFileType = sourcecode.swift; path = ErrorView.swift; sourceTree = "<group>"; };
		99AEFB7E2AA646E7009F8690 /* VictoryView.swift */ = {isa = PBXFileReference; lastKnownFileType = sourcecode.swift; path = VictoryView.swift; sourceTree = "<group>"; };
		99AEFB812AA6613A009F8690 /* ThemeSettingView.swift */ = {isa = PBXFileReference; lastKnownFileType = sourcecode.swift; path = ThemeSettingView.swift; sourceTree = "<group>"; };
		99AEFB882AA674CE009F8690 /* SettingAppView.swift */ = {isa = PBXFileReference; lastKnownFileType = sourcecode.swift; path = SettingAppView.swift; sourceTree = "<group>"; };
		99AEFB8A2AA675CC009F8690 /* SoundDataStorage.swift */ = {isa = PBXFileReference; lastKnownFileType = sourcecode.swift; path = SoundDataStorage.swift; sourceTree = "<group>"; };
		99AEFB8C2AA6F55D009F8690 /* UserDetailStorage.swift */ = {isa = PBXFileReference; lastKnownFileType = sourcecode.swift; path = UserDetailStorage.swift; sourceTree = "<group>"; };
		99AEFB8E2AA6FE92009F8690 /* UserHistory.swift */ = {isa = PBXFileReference; lastKnownFileType = sourcecode.swift; path = UserHistory.swift; sourceTree = "<group>"; };
		99AEFB912AA700DB009F8690 /* TopUserView.swift */ = {isa = PBXFileReference; lastKnownFileType = sourcecode.swift; path = TopUserView.swift; sourceTree = "<group>"; };
		99AEFB932AA700FC009F8690 /* StatsDetailView.swift */ = {isa = PBXFileReference; lastKnownFileType = sourcecode.swift; path = StatsDetailView.swift; sourceTree = "<group>"; };
		99AEFB952AA7168A009F8690 /* StatTabBarView.swift */ = {isa = PBXFileReference; lastKnownFileType = sourcecode.swift; path = StatTabBarView.swift; sourceTree = "<group>"; };
		99AEFB972AA71A1D009F8690 /* UserItemView.swift */ = {isa = PBXFileReference; lastKnownFileType = sourcecode.swift; path = UserItemView.swift; sourceTree = "<group>"; };
		99C62C642AA4C3BF002D5B53 /* GameSelectionView.swift */ = {isa = PBXFileReference; lastKnownFileType = sourcecode.swift; path = GameSelectionView.swift; sourceTree = "<group>"; };
		99EB5BC72A95022800B6A4E6 /* Sudoku.app */ = {isa = PBXFileReference; explicitFileType = wrapper.application; includeInIndex = 0; path = Sudoku.app; sourceTree = BUILT_PRODUCTS_DIR; };
		99EB5BCA2A95022800B6A4E6 /* SudokuApp.swift */ = {isa = PBXFileReference; lastKnownFileType = sourcecode.swift; path = SudokuApp.swift; sourceTree = "<group>"; };
		99EB5BCC2A95022800B6A4E6 /* ContentView.swift */ = {isa = PBXFileReference; lastKnownFileType = sourcecode.swift; path = ContentView.swift; sourceTree = "<group>"; };
		99EB5BCE2A95022E00B6A4E6 /* Assets.xcassets */ = {isa = PBXFileReference; lastKnownFileType = folder.assetcatalog; path = Assets.xcassets; sourceTree = "<group>"; };
		99EB5BD12A95022E00B6A4E6 /* Preview Assets.xcassets */ = {isa = PBXFileReference; lastKnownFileType = folder.assetcatalog; path = "Preview Assets.xcassets"; sourceTree = "<group>"; };
		99EB5BD72A95022E00B6A4E6 /* SudokuTests.xctest */ = {isa = PBXFileReference; explicitFileType = wrapper.cfbundle; includeInIndex = 0; path = SudokuTests.xctest; sourceTree = BUILT_PRODUCTS_DIR; };
		99EB5BDB2A95022E00B6A4E6 /* SudokuTests.swift */ = {isa = PBXFileReference; lastKnownFileType = sourcecode.swift; path = SudokuTests.swift; sourceTree = "<group>"; };
		99EB5BE12A95022E00B6A4E6 /* SudokuUITests.xctest */ = {isa = PBXFileReference; explicitFileType = wrapper.cfbundle; includeInIndex = 0; path = SudokuUITests.xctest; sourceTree = BUILT_PRODUCTS_DIR; };
		99EB5BE52A95022E00B6A4E6 /* SudokuUITests.swift */ = {isa = PBXFileReference; lastKnownFileType = sourcecode.swift; path = SudokuUITests.swift; sourceTree = "<group>"; };
		99EB5BE72A95022E00B6A4E6 /* SudokuUITestsLaunchTests.swift */ = {isa = PBXFileReference; lastKnownFileType = sourcecode.swift; path = SudokuUITestsLaunchTests.swift; sourceTree = "<group>"; };
/* End PBXFileReference section */

/* Begin PBXFrameworksBuildPhase section */
		99EB5BC42A95022800B6A4E6 /* Frameworks */ = {
			isa = PBXFrameworksBuildPhase;
			buildActionMask = 2147483647;
			files = (
			);
			runOnlyForDeploymentPostprocessing = 0;
		};
		99EB5BD42A95022E00B6A4E6 /* Frameworks */ = {
			isa = PBXFrameworksBuildPhase;
			buildActionMask = 2147483647;
			files = (
			);
			runOnlyForDeploymentPostprocessing = 0;
		};
		99EB5BDE2A95022E00B6A4E6 /* Frameworks */ = {
			isa = PBXFrameworksBuildPhase;
			buildActionMask = 2147483647;
			files = (
			);
			runOnlyForDeploymentPostprocessing = 0;
		};
/* End PBXFrameworksBuildPhase section */

/* Begin PBXGroup section */
		991150432A96383F00285E6E /* Views */ = {
			isa = PBXGroup;
			children = (
				99AEFB902AA700B9009F8690 /* StatisticiView */,
				99AEFB802AA6611C009F8690 /* SettingView */,
				9935D1F32AA0A7040092585C /* FrontView */,
				991150492A9651B700285E6E /* MainView */,
			);
			path = Views;
			sourceTree = "<group>";
		};
		991150452A96384C00285E6E /* Helper */ = {
			isa = PBXGroup;
			children = (
				9935D1ED2AA056A50092585C /* SudokuSolution.swift */,
				9935D1EF2AA064DE0092585C /* Helper.swift */,
			);
			path = Helper;
			sourceTree = "<group>";
		};
		991150462A96385900285E6E /* Object */ = {
			isa = PBXGroup;
			children = (
				99ACE64A2A97B67600F56D15 /* StorageObject.swift */,
				9935D1F12AA09F4B0092585C /* GameDataStorage.swift */,
				997B73052AA5CFF800066AA5 /* ProtocolHelper.swift */,
				99AEFB8A2AA675CC009F8690 /* SoundDataStorage.swift */,
				99AEFB8C2AA6F55D009F8690 /* UserDetailStorage.swift */,
				99AEFB8E2AA6FE92009F8690 /* UserHistory.swift */,
			);
			path = Object;
			sourceTree = "<group>";
		};
		991150492A9651B700285E6E /* MainView */ = {
			isa = PBXGroup;
			children = (
				991150472A964AAD00285E6E /* MainView.swift */,
				99ACE64C2A97CDB500F56D15 /* ErrorView.swift */,
				9935D1E92AA0495B0092585C /* ComponentView */,
				9935D1EA2AA049910092585C /* GridView */,
				997B73032AA5C4FF00066AA5 /* GameOverView.swift */,
				99AEFB7E2AA646E7009F8690 /* VictoryView.swift */,
				993CF9C82AA7B93000B88CFD /* BatchView.swift */,
			);
			path = MainView;
			sourceTree = "<group>";
		};
		992D3AE52AA7629D00FEE771 /* Music */ = {
			isa = PBXGroup;
			children = (
				9981A1512AA776A2000C1DCF /* loosing.mp3 */,
				992D3AE62AA762AC00FEE771 /* theme.mp3 */,
				9981A1532AA777C3000C1DCF /* winning.mp3 */,
			);
			path = Music;
			sourceTree = "<group>";
		};
		9935D1E92AA0495B0092585C /* ComponentView */ = {
			isa = PBXGroup;
			children = (
				99ACE6402A9725FD00F56D15 /* NumberView.swift */,
				99ACE6422A9729F300F56D15 /* ModiferView.swift */,
				99ACE6442A972DD400F56D15 /* HeaderView.swift */,
				993332692A9E779500DDBEE9 /* PauseModalView.swift */,
			);
			path = ComponentView;
			sourceTree = "<group>";
		};
		9935D1EA2AA049910092585C /* GridView */ = {
			isa = PBXGroup;
			children = (
				991150502A965D0B00285E6E /* GridView.swift */,
				9911504A2A9651D300285E6E /* CellView.swift */,
			);
			path = GridView;
			sourceTree = "<group>";
		};
		9935D1F32AA0A7040092585C /* FrontView */ = {
			isa = PBXGroup;
			children = (
				9935D1F42AA0A79E0092585C /* FrontView.swift */,
				99C62C642AA4C3BF002D5B53 /* GameSelectionView.swift */,
				992D3AE12AA734A500FEE771 /* UserSignUpView.swift */,
			);
			path = FrontView;
			sourceTree = "<group>";
		};
		99AEFB802AA6611C009F8690 /* SettingView */ = {
			isa = PBXGroup;
			children = (
				99AEFB812AA6613A009F8690 /* ThemeSettingView.swift */,
				99AEFB882AA674CE009F8690 /* SettingAppView.swift */,
			);
			path = SettingView;
			sourceTree = "<group>";
		};
		99AEFB902AA700B9009F8690 /* StatisticiView */ = {
			isa = PBXGroup;
			children = (
				99AEFB912AA700DB009F8690 /* TopUserView.swift */,
				99AEFB932AA700FC009F8690 /* StatsDetailView.swift */,
				99AEFB952AA7168A009F8690 /* StatTabBarView.swift */,
				99AEFB972AA71A1D009F8690 /* UserItemView.swift */,
			);
			path = StatisticiView;
			sourceTree = "<group>";
		};
		99EB5BBE2A95022800B6A4E6 = {
			isa = PBXGroup;
			children = (
				99EB5BC92A95022800B6A4E6 /* Sudoku */,
				99EB5BDA2A95022E00B6A4E6 /* SudokuTests */,
				99EB5BE42A95022E00B6A4E6 /* SudokuUITests */,
				99EB5BC82A95022800B6A4E6 /* Products */,
			);
			sourceTree = "<group>";
		};
		99EB5BC82A95022800B6A4E6 /* Products */ = {
			isa = PBXGroup;
			children = (
				99EB5BC72A95022800B6A4E6 /* Sudoku.app */,
				99EB5BD72A95022E00B6A4E6 /* SudokuTests.xctest */,
				99EB5BE12A95022E00B6A4E6 /* SudokuUITests.xctest */,
			);
			name = Products;
			sourceTree = "<group>";
		};
		99EB5BC92A95022800B6A4E6 /* Sudoku */ = {
			isa = PBXGroup;
			children = (
				992D3AE52AA7629D00FEE771 /* Music */,
				991150462A96385900285E6E /* Object */,
				991150432A96383F00285E6E /* Views */,
				991150452A96384C00285E6E /* Helper */,
				99EB5BCA2A95022800B6A4E6 /* SudokuApp.swift */,
				992D3AE32AA742F400FEE771 /* AppView.swift */,
				99EB5BCC2A95022800B6A4E6 /* ContentView.swift */,
				99EB5BCE2A95022E00B6A4E6 /* Assets.xcassets */,
				99EB5BD02A95022E00B6A4E6 /* Preview Content */,
			);
			path = Sudoku;
			sourceTree = "<group>";
		};
		99EB5BD02A95022E00B6A4E6 /* Preview Content */ = {
			isa = PBXGroup;
			children = (
				99EB5BD12A95022E00B6A4E6 /* Preview Assets.xcassets */,
			);
			path = "Preview Content";
			sourceTree = "<group>";
		};
		99EB5BDA2A95022E00B6A4E6 /* SudokuTests */ = {
			isa = PBXGroup;
			children = (
				99EB5BDB2A95022E00B6A4E6 /* SudokuTests.swift */,
			);
			path = SudokuTests;
			sourceTree = "<group>";
		};
		99EB5BE42A95022E00B6A4E6 /* SudokuUITests */ = {
			isa = PBXGroup;
			children = (
				99EB5BE52A95022E00B6A4E6 /* SudokuUITests.swift */,
				99EB5BE72A95022E00B6A4E6 /* SudokuUITestsLaunchTests.swift */,
			);
			path = SudokuUITests;
			sourceTree = "<group>";
		};
/* End PBXGroup section */

/* Begin PBXNativeTarget section */
		99EB5BC62A95022800B6A4E6 /* Sudoku */ = {
			isa = PBXNativeTarget;
			buildConfigurationList = 99EB5BEB2A95022E00B6A4E6 /* Build configuration list for PBXNativeTarget "Sudoku" */;
			buildPhases = (
				99EB5BC32A95022800B6A4E6 /* Sources */,
				99EB5BC42A95022800B6A4E6 /* Frameworks */,
				99EB5BC52A95022800B6A4E6 /* Resources */,
			);
			buildRules = (
			);
			dependencies = (
			);
			name = Sudoku;
			productName = Sudoku;
			productReference = 99EB5BC72A95022800B6A4E6 /* Sudoku.app */;
			productType = "com.apple.product-type.application";
		};
		99EB5BD62A95022E00B6A4E6 /* SudokuTests */ = {
			isa = PBXNativeTarget;
			buildConfigurationList = 99EB5BEE2A95022E00B6A4E6 /* Build configuration list for PBXNativeTarget "SudokuTests" */;
			buildPhases = (
				99EB5BD32A95022E00B6A4E6 /* Sources */,
				99EB5BD42A95022E00B6A4E6 /* Frameworks */,
				99EB5BD52A95022E00B6A4E6 /* Resources */,
			);
			buildRules = (
			);
			dependencies = (
				99EB5BD92A95022E00B6A4E6 /* PBXTargetDependency */,
			);
			name = SudokuTests;
			productName = SudokuTests;
			productReference = 99EB5BD72A95022E00B6A4E6 /* SudokuTests.xctest */;
			productType = "com.apple.product-type.bundle.unit-test";
		};
		99EB5BE02A95022E00B6A4E6 /* SudokuUITests */ = {
			isa = PBXNativeTarget;
			buildConfigurationList = 99EB5BF12A95022E00B6A4E6 /* Build configuration list for PBXNativeTarget "SudokuUITests" */;
			buildPhases = (
				99EB5BDD2A95022E00B6A4E6 /* Sources */,
				99EB5BDE2A95022E00B6A4E6 /* Frameworks */,
				99EB5BDF2A95022E00B6A4E6 /* Resources */,
			);
			buildRules = (
			);
			dependencies = (
				99EB5BE32A95022E00B6A4E6 /* PBXTargetDependency */,
			);
			name = SudokuUITests;
			productName = SudokuUITests;
			productReference = 99EB5BE12A95022E00B6A4E6 /* SudokuUITests.xctest */;
			productType = "com.apple.product-type.bundle.ui-testing";
		};
/* End PBXNativeTarget section */

/* Begin PBXProject section */
		99EB5BBF2A95022800B6A4E6 /* Project object */ = {
			isa = PBXProject;
			attributes = {
				BuildIndependentTargetsInParallel = 1;
				LastSwiftUpdateCheck = 1430;
				LastUpgradeCheck = 1430;
				TargetAttributes = {
					99EB5BC62A95022800B6A4E6 = {
						CreatedOnToolsVersion = 14.3.1;
					};
					99EB5BD62A95022E00B6A4E6 = {
						CreatedOnToolsVersion = 14.3.1;
						TestTargetID = 99EB5BC62A95022800B6A4E6;
					};
					99EB5BE02A95022E00B6A4E6 = {
						CreatedOnToolsVersion = 14.3.1;
						TestTargetID = 99EB5BC62A95022800B6A4E6;
					};
				};
			};
			buildConfigurationList = 99EB5BC22A95022800B6A4E6 /* Build configuration list for PBXProject "Sudoku" */;
			compatibilityVersion = "Xcode 14.0";
			developmentRegion = en;
			hasScannedForEncodings = 0;
			knownRegions = (
				en,
				Base,
			);
			mainGroup = 99EB5BBE2A95022800B6A4E6;
			productRefGroup = 99EB5BC82A95022800B6A4E6 /* Products */;
			projectDirPath = "";
			projectRoot = "";
			targets = (
				99EB5BC62A95022800B6A4E6 /* Sudoku */,
				99EB5BD62A95022E00B6A4E6 /* SudokuTests */,
				99EB5BE02A95022E00B6A4E6 /* SudokuUITests */,
			);
		};
/* End PBXProject section */

/* Begin PBXResourcesBuildPhase section */
		99EB5BC52A95022800B6A4E6 /* Resources */ = {
			isa = PBXResourcesBuildPhase;
			buildActionMask = 2147483647;
			files = (
				9981A1522AA776A3000C1DCF /* loosing.mp3 in Resources */,
				99EB5BD22A95022E00B6A4E6 /* Preview Assets.xcassets in Resources */,
				99EB5BCF2A95022E00B6A4E6 /* Assets.xcassets in Resources */,
				992D3AE72AA762AC00FEE771 /* theme.mp3 in Resources */,
				9981A1542AA777C3000C1DCF /* winning.mp3 in Resources */,
			);
			runOnlyForDeploymentPostprocessing = 0;
		};
		99EB5BD52A95022E00B6A4E6 /* Resources */ = {
			isa = PBXResourcesBuildPhase;
			buildActionMask = 2147483647;
			files = (
			);
			runOnlyForDeploymentPostprocessing = 0;
		};
		99EB5BDF2A95022E00B6A4E6 /* Resources */ = {
			isa = PBXResourcesBuildPhase;
			buildActionMask = 2147483647;
			files = (
			);
			runOnlyForDeploymentPostprocessing = 0;
		};
/* End PBXResourcesBuildPhase section */

/* Begin PBXSourcesBuildPhase section */
		99EB5BC32A95022800B6A4E6 /* Sources */ = {
			isa = PBXSourcesBuildPhase;
			buildActionMask = 2147483647;
			files = (
				99AEFB922AA700DB009F8690 /* TopUserView.swift in Sources */,
				9911504B2A9651D300285E6E /* CellView.swift in Sources */,
				9935D1F02AA064DE0092585C /* Helper.swift in Sources */,
				9933326A2A9E779500DDBEE9 /* PauseModalView.swift in Sources */,
				99ACE64B2A97B67600F56D15 /* StorageObject.swift in Sources */,
				99EB5BCD2A95022800B6A4E6 /* ContentView.swift in Sources */,
				99AEFB822AA6613A009F8690 /* ThemeSettingView.swift in Sources */,
				9935D1F22AA09F4B0092585C /* GameDataStorage.swift in Sources */,
				992D3AE42AA742F400FEE771 /* AppView.swift in Sources */,
				99AEFB8B2AA675CC009F8690 /* SoundDataStorage.swift in Sources */,
				99ACE6432A9729F400F56D15 /* ModiferView.swift in Sources */,
				99AEFB982AA71A1D009F8690 /* UserItemView.swift in Sources */,
				991150482A964AAD00285E6E /* MainView.swift in Sources */,
				99ACE64D2A97CDB500F56D15 /* ErrorView.swift in Sources */,
				9935D1EE2AA056A50092585C /* SudokuSolution.swift in Sources */,
				991150512A965D0B00285E6E /* GridView.swift in Sources */,
				99EB5BCB2A95022800B6A4E6 /* SudokuApp.swift in Sources */,
				99C62C652AA4C3BF002D5B53 /* GameSelectionView.swift in Sources */,
				99AEFB892AA674CE009F8690 /* SettingAppView.swift in Sources */,
				99AEFB8D2AA6F55D009F8690 /* UserDetailStorage.swift in Sources */,
				99ACE6412A9725FD00F56D15 /* NumberView.swift in Sources */,
				99AEFB7F2AA646E7009F8690 /* VictoryView.swift in Sources */,
				9935D1F52AA0A79E0092585C /* FrontView.swift in Sources */,
				99AEFB942AA700FC009F8690 /* StatsDetailView.swift in Sources */,
				993CF9C92AA7B93000B88CFD /* BatchView.swift in Sources */,
				997B73062AA5CFF800066AA5 /* ProtocolHelper.swift in Sources */,
				99AEFB8F2AA6FE92009F8690 /* UserHistory.swift in Sources */,
				99AEFB962AA7168A009F8690 /* StatTabBarView.swift in Sources */,
				997B73042AA5C4FF00066AA5 /* GameOverView.swift in Sources */,
				99ACE6452A972DD400F56D15 /* HeaderView.swift in Sources */,
				992D3AE22AA734A500FEE771 /* UserSignUpView.swift in Sources */,
			);
			runOnlyForDeploymentPostprocessing = 0;
		};
		99EB5BD32A95022E00B6A4E6 /* Sources */ = {
			isa = PBXSourcesBuildPhase;
			buildActionMask = 2147483647;
			files = (
				99EB5BDC2A95022E00B6A4E6 /* SudokuTests.swift in Sources */,
			);
			runOnlyForDeploymentPostprocessing = 0;
		};
		99EB5BDD2A95022E00B6A4E6 /* Sources */ = {
			isa = PBXSourcesBuildPhase;
			buildActionMask = 2147483647;
			files = (
				99EB5BE62A95022E00B6A4E6 /* SudokuUITests.swift in Sources */,
				99EB5BE82A95022E00B6A4E6 /* SudokuUITestsLaunchTests.swift in Sources */,
			);
			runOnlyForDeploymentPostprocessing = 0;
		};
/* End PBXSourcesBuildPhase section */

/* Begin PBXTargetDependency section */
		99EB5BD92A95022E00B6A4E6 /* PBXTargetDependency */ = {
			isa = PBXTargetDependency;
			target = 99EB5BC62A95022800B6A4E6 /* Sudoku */;
			targetProxy = 99EB5BD82A95022E00B6A4E6 /* PBXContainerItemProxy */;
		};
		99EB5BE32A95022E00B6A4E6 /* PBXTargetDependency */ = {
			isa = PBXTargetDependency;
			target = 99EB5BC62A95022800B6A4E6 /* Sudoku */;
			targetProxy = 99EB5BE22A95022E00B6A4E6 /* PBXContainerItemProxy */;
		};
/* End PBXTargetDependency section */

/* Begin XCBuildConfiguration section */
		99EB5BE92A95022E00B6A4E6 /* Debug */ = {
			isa = XCBuildConfiguration;
			buildSettings = {
				ALWAYS_SEARCH_USER_PATHS = NO;
				CLANG_ANALYZER_NONNULL = YES;
				CLANG_ANALYZER_NUMBER_OBJECT_CONVERSION = YES_AGGRESSIVE;
				CLANG_CXX_LANGUAGE_STANDARD = "gnu++20";
				CLANG_ENABLE_MODULES = YES;
				CLANG_ENABLE_OBJC_ARC = YES;
				CLANG_ENABLE_OBJC_WEAK = YES;
				CLANG_WARN_BLOCK_CAPTURE_AUTORELEASING = YES;
				CLANG_WARN_BOOL_CONVERSION = YES;
				CLANG_WARN_COMMA = YES;
				CLANG_WARN_CONSTANT_CONVERSION = YES;
				CLANG_WARN_DEPRECATED_OBJC_IMPLEMENTATIONS = YES;
				CLANG_WARN_DIRECT_OBJC_ISA_USAGE = YES_ERROR;
				CLANG_WARN_DOCUMENTATION_COMMENTS = YES;
				CLANG_WARN_EMPTY_BODY = YES;
				CLANG_WARN_ENUM_CONVERSION = YES;
				CLANG_WARN_INFINITE_RECURSION = YES;
				CLANG_WARN_INT_CONVERSION = YES;
				CLANG_WARN_NON_LITERAL_NULL_CONVERSION = YES;
				CLANG_WARN_OBJC_IMPLICIT_RETAIN_SELF = YES;
				CLANG_WARN_OBJC_LITERAL_CONVERSION = YES;
				CLANG_WARN_OBJC_ROOT_CLASS = YES_ERROR;
				CLANG_WARN_QUOTED_INCLUDE_IN_FRAMEWORK_HEADER = YES;
				CLANG_WARN_RANGE_LOOP_ANALYSIS = YES;
				CLANG_WARN_STRICT_PROTOTYPES = YES;
				CLANG_WARN_SUSPICIOUS_MOVE = YES;
				CLANG_WARN_UNGUARDED_AVAILABILITY = YES_AGGRESSIVE;
				CLANG_WARN_UNREACHABLE_CODE = YES;
				CLANG_WARN__DUPLICATE_METHOD_MATCH = YES;
				COPY_PHASE_STRIP = NO;
				DEBUG_INFORMATION_FORMAT = dwarf;
				ENABLE_STRICT_OBJC_MSGSEND = YES;
				ENABLE_TESTABILITY = YES;
				GCC_C_LANGUAGE_STANDARD = gnu11;
				GCC_DYNAMIC_NO_PIC = NO;
				GCC_NO_COMMON_BLOCKS = YES;
				GCC_OPTIMIZATION_LEVEL = 0;
				GCC_PREPROCESSOR_DEFINITIONS = (
					"DEBUG=1",
					"$(inherited)",
				);
				GCC_WARN_64_TO_32_BIT_CONVERSION = YES;
				GCC_WARN_ABOUT_RETURN_TYPE = YES_ERROR;
				GCC_WARN_UNDECLARED_SELECTOR = YES;
				GCC_WARN_UNINITIALIZED_AUTOS = YES_AGGRESSIVE;
				GCC_WARN_UNUSED_FUNCTION = YES;
				GCC_WARN_UNUSED_VARIABLE = YES;
				IPHONEOS_DEPLOYMENT_TARGET = 16.4;
				MTL_ENABLE_DEBUG_INFO = INCLUDE_SOURCE;
				MTL_FAST_MATH = YES;
				ONLY_ACTIVE_ARCH = YES;
				SDKROOT = iphoneos;
				SWIFT_ACTIVE_COMPILATION_CONDITIONS = DEBUG;
				SWIFT_OPTIMIZATION_LEVEL = "-Onone";
			};
			name = Debug;
		};
		99EB5BEA2A95022E00B6A4E6 /* Release */ = {
			isa = XCBuildConfiguration;
			buildSettings = {
				ALWAYS_SEARCH_USER_PATHS = NO;
				CLANG_ANALYZER_NONNULL = YES;
				CLANG_ANALYZER_NUMBER_OBJECT_CONVERSION = YES_AGGRESSIVE;
				CLANG_CXX_LANGUAGE_STANDARD = "gnu++20";
				CLANG_ENABLE_MODULES = YES;
				CLANG_ENABLE_OBJC_ARC = YES;
				CLANG_ENABLE_OBJC_WEAK = YES;
				CLANG_WARN_BLOCK_CAPTURE_AUTORELEASING = YES;
				CLANG_WARN_BOOL_CONVERSION = YES;
				CLANG_WARN_COMMA = YES;
				CLANG_WARN_CONSTANT_CONVERSION = YES;
				CLANG_WARN_DEPRECATED_OBJC_IMPLEMENTATIONS = YES;
				CLANG_WARN_DIRECT_OBJC_ISA_USAGE = YES_ERROR;
				CLANG_WARN_DOCUMENTATION_COMMENTS = YES;
				CLANG_WARN_EMPTY_BODY = YES;
				CLANG_WARN_ENUM_CONVERSION = YES;
				CLANG_WARN_INFINITE_RECURSION = YES;
				CLANG_WARN_INT_CONVERSION = YES;
				CLANG_WARN_NON_LITERAL_NULL_CONVERSION = YES;
				CLANG_WARN_OBJC_IMPLICIT_RETAIN_SELF = YES;
				CLANG_WARN_OBJC_LITERAL_CONVERSION = YES;
				CLANG_WARN_OBJC_ROOT_CLASS = YES_ERROR;
				CLANG_WARN_QUOTED_INCLUDE_IN_FRAMEWORK_HEADER = YES;
				CLANG_WARN_RANGE_LOOP_ANALYSIS = YES;
				CLANG_WARN_STRICT_PROTOTYPES = YES;
				CLANG_WARN_SUSPICIOUS_MOVE = YES;
				CLANG_WARN_UNGUARDED_AVAILABILITY = YES_AGGRESSIVE;
				CLANG_WARN_UNREACHABLE_CODE = YES;
				CLANG_WARN__DUPLICATE_METHOD_MATCH = YES;
				COPY_PHASE_STRIP = NO;
				DEBUG_INFORMATION_FORMAT = "dwarf-with-dsym";
				ENABLE_NS_ASSERTIONS = NO;
				ENABLE_STRICT_OBJC_MSGSEND = YES;
				GCC_C_LANGUAGE_STANDARD = gnu11;
				GCC_NO_COMMON_BLOCKS = YES;
				GCC_WARN_64_TO_32_BIT_CONVERSION = YES;
				GCC_WARN_ABOUT_RETURN_TYPE = YES_ERROR;
				GCC_WARN_UNDECLARED_SELECTOR = YES;
				GCC_WARN_UNINITIALIZED_AUTOS = YES_AGGRESSIVE;
				GCC_WARN_UNUSED_FUNCTION = YES;
				GCC_WARN_UNUSED_VARIABLE = YES;
				IPHONEOS_DEPLOYMENT_TARGET = 16.4;
				MTL_ENABLE_DEBUG_INFO = NO;
				MTL_FAST_MATH = YES;
				SDKROOT = iphoneos;
				SWIFT_COMPILATION_MODE = wholemodule;
				SWIFT_OPTIMIZATION_LEVEL = "-O";
				VALIDATE_PRODUCT = YES;
			};
			name = Release;
		};
		99EB5BEC2A95022E00B6A4E6 /* Debug */ = {
			isa = XCBuildConfiguration;
			buildSettings = {
				ASSETCATALOG_COMPILER_APPICON_NAME = AppIcon;
				ASSETCATALOG_COMPILER_GLOBAL_ACCENT_COLOR_NAME = AccentColor;
				CODE_SIGN_STYLE = Automatic;
				CURRENT_PROJECT_VERSION = 1;
				DEVELOPMENT_ASSET_PATHS = "\"Sudoku/Preview Content\"";
				DEVELOPMENT_TEAM = G2W449CRXA;
				ENABLE_PREVIEWS = YES;
				GENERATE_INFOPLIST_FILE = YES;
				INFOPLIST_KEY_UIApplicationSceneManifest_Generation = YES;
				INFOPLIST_KEY_UIApplicationSupportsIndirectInputEvents = YES;
				INFOPLIST_KEY_UILaunchScreen_Generation = YES;
				INFOPLIST_KEY_UISupportedInterfaceOrientations_iPad = "UIInterfaceOrientationPortrait UIInterfaceOrientationPortraitUpsideDown UIInterfaceOrientationLandscapeLeft UIInterfaceOrientationLandscapeRight";
				INFOPLIST_KEY_UISupportedInterfaceOrientations_iPhone = "UIInterfaceOrientationPortrait UIInterfaceOrientationLandscapeLeft UIInterfaceOrientationLandscapeRight";
				IPHONEOS_DEPLOYMENT_TARGET = 16.4;
				LD_RUNPATH_SEARCH_PATHS = (
					"$(inherited)",
					"@executable_path/Frameworks",
				);
				MARKETING_VERSION = 1.0;
				PRODUCT_BUNDLE_IDENTIFIER = vn.edu.rmit.Sudoku;
				PRODUCT_NAME = "$(TARGET_NAME)";
				SWIFT_EMIT_LOC_STRINGS = YES;
				SWIFT_VERSION = 5.0;
				TARGETED_DEVICE_FAMILY = "1,2";
			};
			name = Debug;
		};
		99EB5BED2A95022E00B6A4E6 /* Release */ = {
			isa = XCBuildConfiguration;
			buildSettings = {
				ASSETCATALOG_COMPILER_APPICON_NAME = AppIcon;
				ASSETCATALOG_COMPILER_GLOBAL_ACCENT_COLOR_NAME = AccentColor;
				CODE_SIGN_STYLE = Automatic;
				CURRENT_PROJECT_VERSION = 1;
				DEVELOPMENT_ASSET_PATHS = "\"Sudoku/Preview Content\"";
				DEVELOPMENT_TEAM = G2W449CRXA;
				ENABLE_PREVIEWS = YES;
				GENERATE_INFOPLIST_FILE = YES;
				INFOPLIST_KEY_UIApplicationSceneManifest_Generation = YES;
				INFOPLIST_KEY_UIApplicationSupportsIndirectInputEvents = YES;
				INFOPLIST_KEY_UILaunchScreen_Generation = YES;
				INFOPLIST_KEY_UISupportedInterfaceOrientations_iPad = "UIInterfaceOrientationPortrait UIInterfaceOrientationPortraitUpsideDown UIInterfaceOrientationLandscapeLeft UIInterfaceOrientationLandscapeRight";
				INFOPLIST_KEY_UISupportedInterfaceOrientations_iPhone = "UIInterfaceOrientationPortrait UIInterfaceOrientationLandscapeLeft UIInterfaceOrientationLandscapeRight";
				IPHONEOS_DEPLOYMENT_TARGET = 16.4;
				LD_RUNPATH_SEARCH_PATHS = (
					"$(inherited)",
					"@executable_path/Frameworks",
				);
				MARKETING_VERSION = 1.0;
				PRODUCT_BUNDLE_IDENTIFIER = vn.edu.rmit.Sudoku;
				PRODUCT_NAME = "$(TARGET_NAME)";
				SWIFT_EMIT_LOC_STRINGS = YES;
				SWIFT_VERSION = 5.0;
				TARGETED_DEVICE_FAMILY = "1,2";
			};
			name = Release;
		};
		99EB5BEF2A95022E00B6A4E6 /* Debug */ = {
			isa = XCBuildConfiguration;
			buildSettings = {
				ALWAYS_EMBED_SWIFT_STANDARD_LIBRARIES = YES;
				BUNDLE_LOADER = "$(TEST_HOST)";
				CODE_SIGN_STYLE = Automatic;
				CURRENT_PROJECT_VERSION = 1;
				GENERATE_INFOPLIST_FILE = YES;
				IPHONEOS_DEPLOYMENT_TARGET = 16.4;
				MARKETING_VERSION = 1.0;
				PRODUCT_BUNDLE_IDENTIFIER = vn.edu.rmit.SudokuTests;
				PRODUCT_NAME = "$(TARGET_NAME)";
				SWIFT_EMIT_LOC_STRINGS = NO;
				SWIFT_VERSION = 5.0;
				TARGETED_DEVICE_FAMILY = "1,2";
				TEST_HOST = "$(BUILT_PRODUCTS_DIR)/Sudoku.app/$(BUNDLE_EXECUTABLE_FOLDER_PATH)/Sudoku";
			};
			name = Debug;
		};
		99EB5BF02A95022E00B6A4E6 /* Release */ = {
			isa = XCBuildConfiguration;
			buildSettings = {
				ALWAYS_EMBED_SWIFT_STANDARD_LIBRARIES = YES;
				BUNDLE_LOADER = "$(TEST_HOST)";
				CODE_SIGN_STYLE = Automatic;
				CURRENT_PROJECT_VERSION = 1;
				GENERATE_INFOPLIST_FILE = YES;
				IPHONEOS_DEPLOYMENT_TARGET = 16.4;
				MARKETING_VERSION = 1.0;
				PRODUCT_BUNDLE_IDENTIFIER = vn.edu.rmit.SudokuTests;
				PRODUCT_NAME = "$(TARGET_NAME)";
				SWIFT_EMIT_LOC_STRINGS = NO;
				SWIFT_VERSION = 5.0;
				TARGETED_DEVICE_FAMILY = "1,2";
				TEST_HOST = "$(BUILT_PRODUCTS_DIR)/Sudoku.app/$(BUNDLE_EXECUTABLE_FOLDER_PATH)/Sudoku";
			};
			name = Release;
		};
		99EB5BF22A95022E00B6A4E6 /* Debug */ = {
			isa = XCBuildConfiguration;
			buildSettings = {
				ALWAYS_EMBED_SWIFT_STANDARD_LIBRARIES = YES;
				CODE_SIGN_STYLE = Automatic;
				CURRENT_PROJECT_VERSION = 1;
				GENERATE_INFOPLIST_FILE = YES;
				MARKETING_VERSION = 1.0;
				PRODUCT_BUNDLE_IDENTIFIER = vn.edu.rmit.SudokuUITests;
				PRODUCT_NAME = "$(TARGET_NAME)";
				SWIFT_EMIT_LOC_STRINGS = NO;
				SWIFT_VERSION = 5.0;
				TARGETED_DEVICE_FAMILY = "1,2";
				TEST_TARGET_NAME = Sudoku;
			};
			name = Debug;
		};
		99EB5BF32A95022E00B6A4E6 /* Release */ = {
			isa = XCBuildConfiguration;
			buildSettings = {
				ALWAYS_EMBED_SWIFT_STANDARD_LIBRARIES = YES;
				CODE_SIGN_STYLE = Automatic;
				CURRENT_PROJECT_VERSION = 1;
				GENERATE_INFOPLIST_FILE = YES;
				MARKETING_VERSION = 1.0;
				PRODUCT_BUNDLE_IDENTIFIER = vn.edu.rmit.SudokuUITests;
				PRODUCT_NAME = "$(TARGET_NAME)";
				SWIFT_EMIT_LOC_STRINGS = NO;
				SWIFT_VERSION = 5.0;
				TARGETED_DEVICE_FAMILY = "1,2";
				TEST_TARGET_NAME = Sudoku;
			};
			name = Release;
		};
/* End XCBuildConfiguration section */

/* Begin XCConfigurationList section */
		99EB5BC22A95022800B6A4E6 /* Build configuration list for PBXProject "Sudoku" */ = {
			isa = XCConfigurationList;
			buildConfigurations = (
				99EB5BE92A95022E00B6A4E6 /* Debug */,
				99EB5BEA2A95022E00B6A4E6 /* Release */,
			);
			defaultConfigurationIsVisible = 0;
			defaultConfigurationName = Release;
		};
		99EB5BEB2A95022E00B6A4E6 /* Build configuration list for PBXNativeTarget "Sudoku" */ = {
			isa = XCConfigurationList;
			buildConfigurations = (
				99EB5BEC2A95022E00B6A4E6 /* Debug */,
				99EB5BED2A95022E00B6A4E6 /* Release */,
			);
			defaultConfigurationIsVisible = 0;
			defaultConfigurationName = Release;
		};
		99EB5BEE2A95022E00B6A4E6 /* Build configuration list for PBXNativeTarget "SudokuTests" */ = {
			isa = XCConfigurationList;
			buildConfigurations = (
				99EB5BEF2A95022E00B6A4E6 /* Debug */,
				99EB5BF02A95022E00B6A4E6 /* Release */,
			);
			defaultConfigurationIsVisible = 0;
			defaultConfigurationName = Release;
		};
		99EB5BF12A95022E00B6A4E6 /* Build configuration list for PBXNativeTarget "SudokuUITests" */ = {
			isa = XCConfigurationList;
			buildConfigurations = (
				99EB5BF22A95022E00B6A4E6 /* Debug */,
				99EB5BF32A95022E00B6A4E6 /* Release */,
			);
			defaultConfigurationIsVisible = 0;
			defaultConfigurationName = Release;
		};
/* End XCConfigurationList section */
	};
	rootObject = 99EB5BBF2A95022800B6A4E6 /* Project object */;
}
